
Microsoft Visual Studio Solution File, Format Version 12.00
# Visual Studio Version 17
VisualStudioVersion = 17.5.33627.172
MinimumVisualStudioVersion = 10.0.40219.1
Project("{FAE04EC0-301F-11D3-BF4B-00C04F79EFBC}") = "FlashFood_Original", "FlashFood_Original\FlashFood_Original.csproj", "{6AB5A9E8-691F-4A77-A657-ECF82801EE59}"
EndProject
Global
	GlobalSection(SolutionConfigurationPlatforms) = preSolution
		Debug|Any CPU = Debug|Any CPU
		Release|Any CPU = Release|Any CPU
	EndGlobalSection
	GlobalSection(ProjectConfigurationPlatforms) = postSolution
		{6AB5A9E8-691F-4A77-A657-ECF82801EE59}.Debug|Any CPU.ActiveCfg = Debug|Any CPU
		{6AB5A9E8-691F-4A77-A657-ECF82801EE59}.Debug|Any CPU.Build.0 = Debug|Any CPU
		{6AB5A9E8-691F-4A77-A657-ECF82801EE59}.Release|Any CPU.ActiveCfg = Release|Any CPU
		{6AB5A9E8-691F-4A77-A657-ECF82801EE59}.Release|Any CPU.Build.0 = Release|Any CPU
	EndGlobalSection
	GlobalSection(SolutionProperties) = preSolution
		HideSolutionNode = FALSE
	EndGlobalSection
	GlobalSection(ExtensibilityGlobals) = postSolution
		SolutionGuid = {A704E9B6-42CA-449F-B80B-E8FC478020A4}
	EndGlobalSection
EndGlobal
